
Microsoft Visual Studio Solution File, Format Version 12.00
# Visual Studio Version 17
VisualStudioVersion = 17.3.32825.248
MinimumVisualStudioVersion = 10.0.40219.1
Project("{9A19103F-16F7-4668-BE54-9A1E7A4F7556}") = "BianFlower", "BianFlower.csproj", "{26DA489F-FA7A-4D15-8EA5-EB2F414FB2C2}"
EndProject
Global
	GlobalSection(SolutionConfigurationPlatforms) = preSolution
		Debug|Any CPU = Debug|Any CPU
		Release|Any CPU = Release|Any CPU
	EndGlobalSection
	GlobalSection(ProjectConfigurationPlatforms) = postSolution
		{26DA489F-FA7A-4D15-8EA5-EB2F414FB2C2}.Debug|Any CPU.ActiveCfg = Debug|Any CPU
		{26DA489F-FA7A-4D15-8EA5-EB2F414FB2C2}.Debug|Any CPU.Build.0 = Debug|Any CPU
		{26DA489F-FA7A-4D15-8EA5-EB2F414FB2C2}.Release|Any CPU.ActiveCfg = Release|Any CPU
		{26DA489F-FA7A-4D15-8EA5-EB2F414FB2C2}.Release|Any CPU.Build.0 = Release|Any CPU
	EndGlobalSection
	GlobalSection(SolutionProperties) = preSolution
		HideSolutionNode = FALSE
	EndGlobalSection
	GlobalSection(ExtensibilityGlobals) = postSolution
		SolutionGuid = {65D88B5C-F06E-46BF-96CC-0778763407F8}
	EndGlobalSection
EndGlobal
